
Microsoft Visual Studio Solution File, Format Version 12.00
# Visual Studio 15
VisualStudioVersion = 15.0.28307.705
MinimumVisualStudioVersion = 10.0.40219.1
Project("{FAE04EC0-301F-11D3-BF4B-00C04F79EFBC}") = "ApiPrueba", "ApiPrueba\ApiPrueba.csproj", "{2F42D523-B14A-408C-93F3-EC5E6A7FC649}"
EndProject
Global
	GlobalSection(SolutionConfigurationPlatforms) = preSolution
		Debug|Any CPU = Debug|Any CPU
		Release|Any CPU = Release|Any CPU
	EndGlobalSection
	GlobalSection(ProjectConfigurationPlatforms) = postSolution
		{2F42D523-B14A-408C-93F3-EC5E6A7FC649}.Debug|Any CPU.ActiveCfg = Debug|Any CPU
		{2F42D523-B14A-408C-93F3-EC5E6A7FC649}.Debug|Any CPU.Build.0 = Debug|Any CPU
		{2F42D523-B14A-408C-93F3-EC5E6A7FC649}.Release|Any CPU.ActiveCfg = Release|Any CPU
		{2F42D523-B14A-408C-93F3-EC5E6A7FC649}.Release|Any CPU.Build.0 = Release|Any CPU
	EndGlobalSection
	GlobalSection(SolutionProperties) = preSolution
		HideSolutionNode = FALSE
	EndGlobalSection
	GlobalSection(ExtensibilityGlobals) = postSolution
		SolutionGuid = {2421E452-D75D-4FFB-BC57-D1D197FE4A9A}
	EndGlobalSection
EndGlobal
